
Microsoft Visual Studio Solution File, Format Version 12.00
# Visual Studio 15
VisualStudioVersion = 15.0.28307.489
MinimumVisualStudioVersion = 10.0.40219.1
Project("{8BC9CEB8-8B4A-11D0-8D11-00A0C91BC942}") = "helloWorldWdm", "helloWorldWdm\helloWorldWdm.vcxproj", "{E9376953-3C8F-4267-8EE0-C8DEEC183617}"
EndProject
Project("{8BC9CEB8-8B4A-11D0-8D11-00A0C91BC942}") = "HelloWorldApp", "HelloWorldApp\HelloWorldApp.vcxproj", "{A45D3D57-E18A-4796-A94E-9623F4A7EAEF}"
EndProject
Global
	GlobalSection(SolutionConfigurationPlatforms) = preSolution
		Debug|ARM = Debug|ARM
		Debug|ARM64 = Debug|ARM64
		Debug|x64 = Debug|x64
		Debug|x86 = Debug|x86
		Release|ARM = Release|ARM
		Release|ARM64 = Release|ARM64
		Release|x64 = Release|x64
		Release|x86 = Release|x86
	EndGlobalSection
	GlobalSection(ProjectConfigurationPlatforms) = postSolution
		{E9376953-3C8F-4267-8EE0-C8DEEC183617}.Debug|ARM.ActiveCfg = Debug|ARM
		{E9376953-3C8F-4267-8EE0-C8DEEC183617}.Debug|ARM.Build.0 = Debug|ARM
		{E9376953-3C8F-4267-8EE0-C8DEEC183617}.Debug|ARM.Deploy.0 = Debug|ARM
		{E9376953-3C8F-4267-8EE0-C8DEEC183617}.Debug|ARM64.ActiveCfg = Debug|ARM64
		{E9376953-3C8F-4267-8EE0-C8DEEC183617}.Debug|ARM64.Build.0 = Debug|ARM64
		{E9376953-3C8F-4267-8EE0-C8DEEC183617}.Debug|ARM64.Deploy.0 = Debug|ARM64
		{E9376953-3C8F-4267-8EE0-C8DEEC183617}.Debug|x64.ActiveCfg = Debug|x64
		{E9376953-3C8F-4267-8EE0-C8DEEC183617}.Debug|x64.Build.0 = Debug|x64
		{E9376953-3C8F-4267-8EE0-C8DEEC183617}.Debug|x64.Deploy.0 = Debug|x64
		{E9376953-3C8F-4267-8EE0-C8DEEC183617}.Debug|x86.ActiveCfg = Debug|Win32
		{E9376953-3C8F-4267-8EE0-C8DEEC183617}.Debug|x86.Build.0 = Debug|Win32
		{E9376953-3C8F-4267-8EE0-C8DEEC183617}.Debug|x86.Deploy.0 = Debug|Win32
		{E9376953-3C8F-4267-8EE0-C8DEEC183617}.Release|ARM.ActiveCfg = Release|ARM
		{E9376953-3C8F-4267-8EE0-C8DEEC183617}.Release|ARM.Build.0 = Release|ARM
		{E9376953-3C8F-4267-8EE0-C8DEEC183617}.Release|ARM.Deploy.0 = Release|ARM
		{E9376953-3C8F-4267-8EE0-C8DEEC183617}.Release|ARM64.ActiveCfg = Release|ARM64
		{E9376953-3C8F-4267-8EE0-C8DEEC183617}.Release|ARM64.Build.0 = Release|ARM64
		{E9376953-3C8F-4267-8EE0-C8DEEC183617}.Release|ARM64.Deploy.0 = Release|ARM64
		{E9376953-3C8F-4267-8EE0-C8DEEC183617}.Release|x64.ActiveCfg = Release|x64
		{E9376953-3C8F-4267-8EE0-C8DEEC183617}.Release|x64.Build.0 = Release|x64
		{E9376953-3C8F-4267-8EE0-C8DEEC183617}.Release|x64.Deploy.0 = Release|x64
		{E9376953-3C8F-4267-8EE0-C8DEEC183617}.Release|x86.ActiveCfg = Release|Win32
		{E9376953-3C8F-4267-8EE0-C8DEEC183617}.Release|x86.Build.0 = Release|Win32
		{E9376953-3C8F-4267-8EE0-C8DEEC183617}.Release|x86.Deploy.0 = Release|Win32
		{A45D3D57-E18A-4796-A94E-9623F4A7EAEF}.Debug|ARM.ActiveCfg = Debug|Win32
		{A45D3D57-E18A-4796-A94E-9623F4A7EAEF}.Debug|ARM64.ActiveCfg = Debug|Win32
		{A45D3D57-E18A-4796-A94E-9623F4A7EAEF}.Debug|x64.ActiveCfg = Debug|x64
		{A45D3D57-E18A-4796-A94E-9623F4A7EAEF}.Debug|x64.Build.0 = Debug|x64
		{A45D3D57-E18A-4796-A94E-9623F4A7EAEF}.Debug|x86.ActiveCfg = Debug|Win32
		{A45D3D57-E18A-4796-A94E-9623F4A7EAEF}.Debug|x86.Build.0 = Debug|Win32
		{A45D3D57-E18A-4796-A94E-9623F4A7EAEF}.Release|ARM.ActiveCfg = Release|Win32
		{A45D3D57-E18A-4796-A94E-9623F4A7EAEF}.Release|ARM64.ActiveCfg = Release|Win32
		{A45D3D57-E18A-4796-A94E-9623F4A7EAEF}.Release|x64.ActiveCfg = Release|x64
		{A45D3D57-E18A-4796-A94E-9623F4A7EAEF}.Release|x64.Build.0 = Release|x64
		{A45D3D57-E18A-4796-A94E-9623F4A7EAEF}.Release|x86.ActiveCfg = Release|Win32
		{A45D3D57-E18A-4796-A94E-9623F4A7EAEF}.Release|x86.Build.0 = Release|Win32
	EndGlobalSection
	GlobalSection(SolutionProperties) = preSolution
		HideSolutionNode = FALSE
	EndGlobalSection
	GlobalSection(ExtensibilityGlobals) = postSolution
		SolutionGuid = {5608D6C0-6813-4067-A449-67412A5C7991}
	EndGlobalSection
EndGlobal
